
Microsoft Visual Studio Solution File, Format Version 12.00
# Visual Studio Version 16
VisualStudioVersion = 16.0.31112.23
MinimumVisualStudioVersion = 10.0.40219.1
Project("{FAE04EC0-301F-11D3-BF4B-00C04F79EFBC}") = "app", "app\app.csproj", "{0BB3B276-39E7-424E-A2F4-F69673A3384E}"
EndProject
Global
	GlobalSection(SolutionConfigurationPlatforms) = preSolution
		Debug|Any CPU = Debug|Any CPU
		Release|Any CPU = Release|Any CPU
	EndGlobalSection
	GlobalSection(ProjectConfigurationPlatforms) = postSolution
		{0BB3B276-39E7-424E-A2F4-F69673A3384E}.Debug|Any CPU.ActiveCfg = Debug|Any CPU
		{0BB3B276-39E7-424E-A2F4-F69673A3384E}.Debug|Any CPU.Build.0 = Debug|Any CPU
		{0BB3B276-39E7-424E-A2F4-F69673A3384E}.Release|Any CPU.ActiveCfg = Release|Any CPU
		{0BB3B276-39E7-424E-A2F4-F69673A3384E}.Release|Any CPU.Build.0 = Release|Any CPU
	EndGlobalSection
	GlobalSection(SolutionProperties) = preSolution
		HideSolutionNode = FALSE
	EndGlobalSection
	GlobalSection(ExtensibilityGlobals) = postSolution
		SolutionGuid = {68290254-5926-4CA0-BF2F-866CE75E19F5}
	EndGlobalSection
EndGlobal
